// !$*UTF8*$!
{
	archiveVersion = 1;
	classes = {
	};
	objectVersion = 46;
	objects = {

/* Begin PBXBuildFile section */
		FCE77AAF1A132DF000E9763D /* main.m in Sources */ = {isa = PBXBuildFile; fileRef = FCE77AAE1A132DF000E9763D /* main.m */; };
		FCE77AB21A132DF000E9763D /* AppDelegate.m in Sources */ = {isa = PBXBuildFile; fileRef = FCE77AB11A132DF000E9763D /* AppDelegate.m */; };
		FCE77AB51A132DF000E9763D /* ViewController.m in Sources */ = {isa = PBXBuildFile; fileRef = FCE77AB41A132DF000E9763D /* ViewController.m */; };
		FCE77AB81A132DF000E9763D /* Main.storyboard in Resources */ = {isa = PBXBuildFile; fileRef = FCE77AB61A132DF000E9763D /* Main.storyboard */; };
		FCE77ABA1A132DF000E9763D /* Images.xcassets in Resources */ = {isa = PBXBuildFile; fileRef = FCE77AB91A132DF000E9763D /* Images.xcassets */; };
		FCE77ABD1A132DF000E9763D /* LaunchScreen.xib in Resources */ = {isa = PBXBuildFile; fileRef = FCE77ABB1A132DF000E9763D /* LaunchScreen.xib */; };
		FCE77AC91A132DF000E9763D /* Bike_PartyTests.m in Sources */ = {isa = PBXBuildFile; fileRef = FCE77AC81A132DF000E9763D /* Bike_PartyTests.m */; };
		FCE77AE01A132E9300E9763D /* CoreLocation.framework in Frameworks */ = {isa = PBXBuildFile; fileRef = FCE77ADF1A132E9300E9763D /* CoreLocation.framework */; };
		FCE77AE21A132EDB00E9763D /* MapKit.framework in Frameworks */ = {isa = PBXBuildFile; fileRef = FCE77AE11A132EDB00E9763D /* MapKit.framework */; };
		FCE77AF21A13FD9400E9763D /* MFLocationManager.m in Sources */ = {isa = PBXBuildFile; fileRef = FCE77AF11A13FD9400E9763D /* MFLocationManager.m */; };
		FCE77AF51A13FE8C00E9763D /* GooglePlacesSearch.m in Sources */ = {isa = PBXBuildFile; fileRef = FCE77AF41A13FE8C00E9763D /* GooglePlacesSearch.m */; };
		FCE77AFD1A14141300E9763D /* GooglePlace.m in Sources */ = {isa = PBXBuildFile; fileRef = FCE77AFC1A14141300E9763D /* GooglePlace.m */; };
		FCE77B001A1421B800E9763D /* DestinationAnnotation.m in Sources */ = {isa = PBXBuildFile; fileRef = FCE77AFF1A1421B800E9763D /* DestinationAnnotation.m */; };
		FCE77B031A14318A00E9763D /* AddDestinationViewController.m in Sources */ = {isa = PBXBuildFile; fileRef = FCE77B021A14318A00E9763D /* AddDestinationViewController.m */; };
		FCE77B071A1448D000E9763D /* GoogleDirectionsRequest.m in Sources */ = {isa = PBXBuildFile; fileRef = FCE77B061A1448D000E9763D /* GoogleDirectionsRequest.m */; };
		FCE77B0A1A14509800E9763D /* GoogleDirectionsRoute.m in Sources */ = {isa = PBXBuildFile; fileRef = FCE77B091A14509800E9763D /* GoogleDirectionsRoute.m */; };
		FCE77B0D1A14614000E9763D /* GoogleDirectionsLeg.m in Sources */ = {isa = PBXBuildFile; fileRef = FCE77B0C1A14614000E9763D /* GoogleDirectionsLeg.m */; };
		FCE77B101A14685500E9763D /* GoogleDirectionsStep.m in Sources */ = {isa = PBXBuildFile; fileRef = FCE77B0F1A14685500E9763D /* GoogleDirectionsStep.m */; };
		FCE77B191A1468CF00E9763D /* CLLocation+GoogleDirections.m in Sources */ = {isa = PBXBuildFile; fileRef = FCE77B181A1468CF00E9763D /* CLLocation+GoogleDirections.m */; };
		FCE77B1C1A14727A00E9763D /* MKPolyline+GoogleDirections.m in Sources */ = {isa = PBXBuildFile; fileRef = FCE77B1B1A14727A00E9763D /* MKPolyline+GoogleDirections.m */; };
		FCE77B1F1A16AC5400E9763D /* RouteLeg.m in Sources */ = {isa = PBXBuildFile; fileRef = FCE77B1E1A16AC5400E9763D /* RouteLeg.m */; };
		FCE77B221A17419400E9763D /* TouchyFeelyMapView.m in Sources */ = {isa = PBXBuildFile; fileRef = FCE77B211A17419400E9763D /* TouchyFeelyMapView.m */; };
		FCE77B251A1755CC00E9763D /* DestinationPin.m in Sources */ = {isa = PBXBuildFile; fileRef = FCE77B241A1755CC00E9763D /* DestinationPin.m */; };
		FCE77B2B1A17D91000E9763D /* EditRouteMapViewController.m in Sources */ = {isa = PBXBuildFile; fileRef = FCE77B2A1A17D91000E9763D /* EditRouteMapViewController.m */; };
		FCE77B2E1A18407100E9763D /* TouchGestureRecognizer.m in Sources */ = {isa = PBXBuildFile; fileRef = FCE77B2D1A18407100E9763D /* TouchGestureRecognizer.m */; };
		FCE77B321A1875DC00E9763D /* GoogleMaps.framework in Frameworks */ = {isa = PBXBuildFile; fileRef = FCE77B311A1875DC00E9763D /* GoogleMaps.framework */; };
		FCE77B341A18760400E9763D /* GoogleMaps.bundle in Resources */ = {isa = PBXBuildFile; fileRef = FCE77B331A18760400E9763D /* GoogleMaps.bundle */; };
		FCE77B361A18762000E9763D /* AVFoundation.framework in Frameworks */ = {isa = PBXBuildFile; fileRef = FCE77B351A18762000E9763D /* AVFoundation.framework */; };
		FCE77B381A18762800E9763D /* CoreData.framework in Frameworks */ = {isa = PBXBuildFile; fileRef = FCE77B371A18762800E9763D /* CoreData.framework */; };
		FCE77B3A1A18763800E9763D /* CoreText.framework in Frameworks */ = {isa = PBXBuildFile; fileRef = FCE77B391A18763800E9763D /* CoreText.framework */; };
		FCE77B3C1A18764100E9763D /* GLKit.framework in Frameworks */ = {isa = PBXBuildFile; fileRef = FCE77B3B1A18764100E9763D /* GLKit.framework */; };
		FCE77B3E1A18764800E9763D /* ImageIO.framework in Frameworks */ = {isa = PBXBuildFile; fileRef = FCE77B3D1A18764800E9763D /* ImageIO.framework */; };
		FCE77B401A18765C00E9763D /* libc++.dylib in Frameworks */ = {isa = PBXBuildFile; fileRef = FCE77B3F1A18765C00E9763D /* libc++.dylib */; };
		FCE77B421A18767100E9763D /* libicucore.dylib in Frameworks */ = {isa = PBXBuildFile; fileRef = FCE77B411A18767100E9763D /* libicucore.dylib */; };
		FCE77B441A18767C00E9763D /* libz.dylib in Frameworks */ = {isa = PBXBuildFile; fileRef = FCE77B431A18767C00E9763D /* libz.dylib */; };
		FCE77B461A18768300E9763D /* OpenGLES.framework in Frameworks */ = {isa = PBXBuildFile; fileRef = FCE77B451A18768300E9763D /* OpenGLES.framework */; };
		FCE77B481A18768D00E9763D /* QuartzCore.framework in Frameworks */ = {isa = PBXBuildFile; fileRef = FCE77B471A18768D00E9763D /* QuartzCore.framework */; };
		FCE77B4A1A18769500E9763D /* SystemConfiguration.framework in Frameworks */ = {isa = PBXBuildFile; fileRef = FCE77B491A18769500E9763D /* SystemConfiguration.framework */; };
		FCE77B4D1A18773E00E9763D /* GoogleMapsTestMap.m in Sources */ = {isa = PBXBuildFile; fileRef = FCE77B4C1A18773E00E9763D /* GoogleMapsTestMap.m */; };
		FCF57A921A1E81AE0083F71A /* CreateRouteViewController.m in Sources */ = {isa = PBXBuildFile; fileRef = FCF57A911A1E81AE0083F71A /* CreateRouteViewController.m */; };
		FCF57A951A1E88040083F71A /* Waypoint.m in Sources */ = {isa = PBXBuildFile; fileRef = FCF57A941A1E88040083F71A /* Waypoint.m */; };
/* End PBXBuildFile section */

/* Begin PBXContainerItemProxy section */
		FCE77AC31A132DF000E9763D /* PBXContainerItemProxy */ = {
			isa = PBXContainerItemProxy;
			containerPortal = FCE77AA11A132DF000E9763D /* Project object */;
			proxyType = 1;
			remoteGlobalIDString = FCE77AA81A132DF000E9763D;
			remoteInfo = "Bike Party";
		};
/* End PBXContainerItemProxy section */

/* Begin PBXFileReference section */
		FCE77AA91A132DF000E9763D /* Bike Party.app */ = {isa = PBXFileReference; explicitFileType = wrapper.application; includeInIndex = 0; path = "Bike Party.app"; sourceTree = BUILT_PRODUCTS_DIR; };
		FCE77AAD1A132DF000E9763D /* Info.plist */ = {isa = PBXFileReference; lastKnownFileType = text.plist.xml; path = Info.plist; sourceTree = "<group>"; };
		FCE77AAE1A132DF000E9763D /* main.m */ = {isa = PBXFileReference; lastKnownFileType = sourcecode.c.objc; path = main.m; sourceTree = "<group>"; };
		FCE77AB01A132DF000E9763D /* AppDelegate.h */ = {isa = PBXFileReference; lastKnownFileType = sourcecode.c.h; path = AppDelegate.h; sourceTree = "<group>"; };
		FCE77AB11A132DF000E9763D /* AppDelegate.m */ = {isa = PBXFileReference; lastKnownFileType = sourcecode.c.objc; path = AppDelegate.m; sourceTree = "<group>"; };
		FCE77AB31A132DF000E9763D /* ViewController.h */ = {isa = PBXFileReference; lastKnownFileType = sourcecode.c.h; path = ViewController.h; sourceTree = "<group>"; };
		FCE77AB41A132DF000E9763D /* ViewController.m */ = {isa = PBXFileReference; lastKnownFileType = sourcecode.c.objc; path = ViewController.m; sourceTree = "<group>"; };
		FCE77AB71A132DF000E9763D /* Base */ = {isa = PBXFileReference; lastKnownFileType = file.storyboard; name = Base; path = Base.lproj/Main.storyboard; sourceTree = "<group>"; };
		FCE77AB91A132DF000E9763D /* Images.xcassets */ = {isa = PBXFileReference; lastKnownFileType = folder.assetcatalog; path = Images.xcassets; sourceTree = "<group>"; };
		FCE77ABC1A132DF000E9763D /* Base */ = {isa = PBXFileReference; lastKnownFileType = file.xib; name = Base; path = Base.lproj/LaunchScreen.xib; sourceTree = "<group>"; };
		FCE77AC21A132DF000E9763D /* Bike PartyTests.xctest */ = {isa = PBXFileReference; explicitFileType = wrapper.cfbundle; includeInIndex = 0; path = "Bike PartyTests.xctest"; sourceTree = BUILT_PRODUCTS_DIR; };
		FCE77AC71A132DF000E9763D /* Info.plist */ = {isa = PBXFileReference; lastKnownFileType = text.plist.xml; path = Info.plist; sourceTree = "<group>"; };
		FCE77AC81A132DF000E9763D /* Bike_PartyTests.m */ = {isa = PBXFileReference; lastKnownFileType = sourcecode.c.objc; path = Bike_PartyTests.m; sourceTree = "<group>"; };
		FCE77ADF1A132E9300E9763D /* CoreLocation.framework */ = {isa = PBXFileReference; lastKnownFileType = wrapper.framework; name = CoreLocation.framework; path = System/Library/Frameworks/CoreLocation.framework; sourceTree = SDKROOT; };
		FCE77AE11A132EDB00E9763D /* MapKit.framework */ = {isa = PBXFileReference; lastKnownFileType = wrapper.framework; name = MapKit.framework; path = System/Library/Frameworks/MapKit.framework; sourceTree = SDKROOT; };
		FCE77AF01A13FD9400E9763D /* MFLocationManager.h */ = {isa = PBXFileReference; fileEncoding = 4; lastKnownFileType = sourcecode.c.h; path = MFLocationManager.h; sourceTree = "<group>"; };
		FCE77AF11A13FD9400E9763D /* MFLocationManager.m */ = {isa = PBXFileReference; fileEncoding = 4; lastKnownFileType = sourcecode.c.objc; path = MFLocationManager.m; sourceTree = "<group>"; };
		FCE77AF31A13FE8C00E9763D /* GooglePlacesSearch.h */ = {isa = PBXFileReference; fileEncoding = 4; lastKnownFileType = sourcecode.c.h; path = GooglePlacesSearch.h; sourceTree = "<group>"; };
		FCE77AF41A13FE8C00E9763D /* GooglePlacesSearch.m */ = {isa = PBXFileReference; fileEncoding = 4; lastKnownFileType = sourcecode.c.objc; path = GooglePlacesSearch.m; sourceTree = "<group>"; };
		FCE77AFB1A14141300E9763D /* GooglePlace.h */ = {isa = PBXFileReference; fileEncoding = 4; lastKnownFileType = sourcecode.c.h; path = GooglePlace.h; sourceTree = "<group>"; };
		FCE77AFC1A14141300E9763D /* GooglePlace.m */ = {isa = PBXFileReference; fileEncoding = 4; lastKnownFileType = sourcecode.c.objc; path = GooglePlace.m; sourceTree = "<group>"; };
		FCE77AFE1A1421B800E9763D /* DestinationAnnotation.h */ = {isa = PBXFileReference; fileEncoding = 4; lastKnownFileType = sourcecode.c.h; path = DestinationAnnotation.h; sourceTree = "<group>"; };
		FCE77AFF1A1421B800E9763D /* DestinationAnnotation.m */ = {isa = PBXFileReference; fileEncoding = 4; lastKnownFileType = sourcecode.c.objc; path = DestinationAnnotation.m; sourceTree = "<group>"; };
		FCE77B011A14318A00E9763D /* AddDestinationViewController.h */ = {isa = PBXFileReference; fileEncoding = 4; lastKnownFileType = sourcecode.c.h; path = AddDestinationViewController.h; sourceTree = "<group>"; };
		FCE77B021A14318A00E9763D /* AddDestinationViewController.m */ = {isa = PBXFileReference; fileEncoding = 4; lastKnownFileType = sourcecode.c.objc; path = AddDestinationViewController.m; sourceTree = "<group>"; };
		FCE77B051A1448D000E9763D /* GoogleDirectionsRequest.h */ = {isa = PBXFileReference; fileEncoding = 4; lastKnownFileType = sourcecode.c.h; path = GoogleDirectionsRequest.h; sourceTree = "<group>"; };
		FCE77B061A1448D000E9763D /* GoogleDirectionsRequest.m */ = {isa = PBXFileReference; fileEncoding = 4; lastKnownFileType = sourcecode.c.objc; path = GoogleDirectionsRequest.m; sourceTree = "<group>"; };
		FCE77B081A14509800E9763D /* GoogleDirectionsRoute.h */ = {isa = PBXFileReference; fileEncoding = 4; lastKnownFileType = sourcecode.c.h; path = GoogleDirectionsRoute.h; sourceTree = "<group>"; };
		FCE77B091A14509800E9763D /* GoogleDirectionsRoute.m */ = {isa = PBXFileReference; fileEncoding = 4; lastKnownFileType = sourcecode.c.objc; path = GoogleDirectionsRoute.m; sourceTree = "<group>"; };
		FCE77B0B1A14614000E9763D /* GoogleDirectionsLeg.h */ = {isa = PBXFileReference; fileEncoding = 4; lastKnownFileType = sourcecode.c.h; path = GoogleDirectionsLeg.h; sourceTree = "<group>"; };
		FCE77B0C1A14614000E9763D /* GoogleDirectionsLeg.m */ = {isa = PBXFileReference; fileEncoding = 4; lastKnownFileType = sourcecode.c.objc; path = GoogleDirectionsLeg.m; sourceTree = "<group>"; };
		FCE77B0E1A14685500E9763D /* GoogleDirectionsStep.h */ = {isa = PBXFileReference; fileEncoding = 4; lastKnownFileType = sourcecode.c.h; path = GoogleDirectionsStep.h; sourceTree = "<group>"; };
		FCE77B0F1A14685500E9763D /* GoogleDirectionsStep.m */ = {isa = PBXFileReference; fileEncoding = 4; lastKnownFileType = sourcecode.c.objc; path = GoogleDirectionsStep.m; sourceTree = "<group>"; };
		FCE77B171A1468CF00E9763D /* CLLocation+GoogleDirections.h */ = {isa = PBXFileReference; fileEncoding = 4; lastKnownFileType = sourcecode.c.h; path = "CLLocation+GoogleDirections.h"; sourceTree = "<group>"; };
		FCE77B181A1468CF00E9763D /* CLLocation+GoogleDirections.m */ = {isa = PBXFileReference; fileEncoding = 4; lastKnownFileType = sourcecode.c.objc; path = "CLLocation+GoogleDirections.m"; sourceTree = "<group>"; };
		FCE77B1A1A14727A00E9763D /* MKPolyline+GoogleDirections.h */ = {isa = PBXFileReference; fileEncoding = 4; lastKnownFileType = sourcecode.c.h; path = "MKPolyline+GoogleDirections.h"; sourceTree = "<group>"; };
		FCE77B1B1A14727A00E9763D /* MKPolyline+GoogleDirections.m */ = {isa = PBXFileReference; fileEncoding = 4; lastKnownFileType = sourcecode.c.objc; path = "MKPolyline+GoogleDirections.m"; sourceTree = "<group>"; };
		FCE77B1D1A16AC5400E9763D /* RouteLeg.h */ = {isa = PBXFileReference; fileEncoding = 4; lastKnownFileType = sourcecode.c.h; path = RouteLeg.h; sourceTree = "<group>"; };
		FCE77B1E1A16AC5400E9763D /* RouteLeg.m */ = {isa = PBXFileReference; fileEncoding = 4; lastKnownFileType = sourcecode.c.objc; path = RouteLeg.m; sourceTree = "<group>"; };
		FCE77B201A17419400E9763D /* TouchyFeelyMapView.h */ = {isa = PBXFileReference; fileEncoding = 4; lastKnownFileType = sourcecode.c.h; path = TouchyFeelyMapView.h; sourceTree = "<group>"; };
		FCE77B211A17419400E9763D /* TouchyFeelyMapView.m */ = {isa = PBXFileReference; fileEncoding = 4; lastKnownFileType = sourcecode.c.objc; path = TouchyFeelyMapView.m; sourceTree = "<group>"; };
		FCE77B231A1755CC00E9763D /* DestinationPin.h */ = {isa = PBXFileReference; fileEncoding = 4; lastKnownFileType = sourcecode.c.h; path = DestinationPin.h; sourceTree = "<group>"; };
		FCE77B241A1755CC00E9763D /* DestinationPin.m */ = {isa = PBXFileReference; fileEncoding = 4; lastKnownFileType = sourcecode.c.objc; path = DestinationPin.m; sourceTree = "<group>"; };
		FCE77B291A17D91000E9763D /* EditRouteMapViewController.h */ = {isa = PBXFileReference; fileEncoding = 4; lastKnownFileType = sourcecode.c.h; path = EditRouteMapViewController.h; sourceTree = "<group>"; };
		FCE77B2A1A17D91000E9763D /* EditRouteMapViewController.m */ = {isa = PBXFileReference; fileEncoding = 4; lastKnownFileType = sourcecode.c.objc; path = EditRouteMapViewController.m; sourceTree = "<group>"; };
		FCE77B2C1A18407100E9763D /* TouchGestureRecognizer.h */ = {isa = PBXFileReference; fileEncoding = 4; lastKnownFileType = sourcecode.c.h; path = TouchGestureRecognizer.h; sourceTree = "<group>"; };
		FCE77B2D1A18407100E9763D /* TouchGestureRecognizer.m */ = {isa = PBXFileReference; fileEncoding = 4; lastKnownFileType = sourcecode.c.objc; path = TouchGestureRecognizer.m; sourceTree = "<group>"; };
		FCE77B311A1875DC00E9763D /* GoogleMaps.framework */ = {isa = PBXFileReference; lastKnownFileType = wrapper.framework; path = GoogleMaps.framework; sourceTree = "<group>"; };
		FCE77B331A18760400E9763D /* GoogleMaps.bundle */ = {isa = PBXFileReference; lastKnownFileType = "wrapper.plug-in"; name = GoogleMaps.bundle; path = GoogleMaps.framework/Versions/A/Resources/GoogleMaps.bundle; sourceTree = SOURCE_ROOT; };
		FCE77B351A18762000E9763D /* AVFoundation.framework */ = {isa = PBXFileReference; lastKnownFileType = wrapper.framework; name = AVFoundation.framework; path = System/Library/Frameworks/AVFoundation.framework; sourceTree = SDKROOT; };
		FCE77B371A18762800E9763D /* CoreData.framework */ = {isa = PBXFileReference; lastKnownFileType = wrapper.framework; name = CoreData.framework; path = System/Library/Frameworks/CoreData.framework; sourceTree = SDKROOT; };
		FCE77B391A18763800E9763D /* CoreText.framework */ = {isa = PBXFileReference; lastKnownFileType = wrapper.framework; name = CoreText.framework; path = System/Library/Frameworks/CoreText.framework; sourceTree = SDKROOT; };
		FCE77B3B1A18764100E9763D /* GLKit.framework */ = {isa = PBXFileReference; lastKnownFileType = wrapper.framework; name = GLKit.framework; path = System/Library/Frameworks/GLKit.framework; sourceTree = SDKROOT; };
		FCE77B3D1A18764800E9763D /* ImageIO.framework */ = {isa = PBXFileReference; lastKnownFileType = wrapper.framework; name = ImageIO.framework; path = System/Library/Frameworks/ImageIO.framework; sourceTree = SDKROOT; };
		FCE77B3F1A18765C00E9763D /* libc++.dylib */ = {isa = PBXFileReference; lastKnownFileType = "compiled.mach-o.dylib"; name = "libc++.dylib"; path = "usr/lib/libc++.dylib"; sourceTree = SDKROOT; };
		FCE77B411A18767100E9763D /* libicucore.dylib */ = {isa = PBXFileReference; lastKnownFileType = "compiled.mach-o.dylib"; name = libicucore.dylib; path = usr/lib/libicucore.dylib; sourceTree = SDKROOT; };
		FCE77B431A18767C00E9763D /* libz.dylib */ = {isa = PBXFileReference; lastKnownFileType = "compiled.mach-o.dylib"; name = libz.dylib; path = usr/lib/libz.dylib; sourceTree = SDKROOT; };
		FCE77B451A18768300E9763D /* OpenGLES.framework */ = {isa = PBXFileReference; lastKnownFileType = wrapper.framework; name = OpenGLES.framework; path = System/Library/Frameworks/OpenGLES.framework; sourceTree = SDKROOT; };
		FCE77B471A18768D00E9763D /* QuartzCore.framework */ = {isa = PBXFileReference; lastKnownFileType = wrapper.framework; name = QuartzCore.framework; path = System/Library/Frameworks/QuartzCore.framework; sourceTree = SDKROOT; };
		FCE77B491A18769500E9763D /* SystemConfiguration.framework */ = {isa = PBXFileReference; lastKnownFileType = wrapper.framework; name = SystemConfiguration.framework; path = System/Library/Frameworks/SystemConfiguration.framework; sourceTree = SDKROOT; };
		FCE77B4B1A18773E00E9763D /* GoogleMapsTestMap.h */ = {isa = PBXFileReference; fileEncoding = 4; lastKnownFileType = sourcecode.c.h; path = GoogleMapsTestMap.h; sourceTree = "<group>"; };
		FCE77B4C1A18773E00E9763D /* GoogleMapsTestMap.m */ = {isa = PBXFileReference; fileEncoding = 4; lastKnownFileType = sourcecode.c.objc; path = GoogleMapsTestMap.m; sourceTree = "<group>"; };
		FCF57A901A1E81AE0083F71A /* CreateRouteViewController.h */ = {isa = PBXFileReference; fileEncoding = 4; lastKnownFileType = sourcecode.c.h; path = CreateRouteViewController.h; sourceTree = "<group>"; };
		FCF57A911A1E81AE0083F71A /* CreateRouteViewController.m */ = {isa = PBXFileReference; fileEncoding = 4; lastKnownFileType = sourcecode.c.objc; path = CreateRouteViewController.m; sourceTree = "<group>"; };
		FCF57A931A1E88040083F71A /* Waypoint.h */ = {isa = PBXFileReference; fileEncoding = 4; lastKnownFileType = sourcecode.c.h; path = Waypoint.h; sourceTree = "<group>"; };
		FCF57A941A1E88040083F71A /* Waypoint.m */ = {isa = PBXFileReference; fileEncoding = 4; lastKnownFileType = sourcecode.c.objc; path = Waypoint.m; sourceTree = "<group>"; };
/* End PBXFileReference section */

/* Begin PBXFrameworksBuildPhase section */
		FCE77AA61A132DF000E9763D /* Frameworks */ = {
			isa = PBXFrameworksBuildPhase;
			buildActionMask = 2147483647;
			files = (
				FCE77B4A1A18769500E9763D /* SystemConfiguration.framework in Frameworks */,
				FCE77B481A18768D00E9763D /* QuartzCore.framework in Frameworks */,
				FCE77B461A18768300E9763D /* OpenGLES.framework in Frameworks */,
				FCE77B441A18767C00E9763D /* libz.dylib in Frameworks */,
				FCE77B421A18767100E9763D /* libicucore.dylib in Frameworks */,
				FCE77B401A18765C00E9763D /* libc++.dylib in Frameworks */,
				FCE77B3E1A18764800E9763D /* ImageIO.framework in Frameworks */,
				FCE77B3C1A18764100E9763D /* GLKit.framework in Frameworks */,
				FCE77B3A1A18763800E9763D /* CoreText.framework in Frameworks */,
				FCE77AE01A132E9300E9763D /* CoreLocation.framework in Frameworks */,
				FCE77B381A18762800E9763D /* CoreData.framework in Frameworks */,
				FCE77B361A18762000E9763D /* AVFoundation.framework in Frameworks */,
				FCE77B321A1875DC00E9763D /* GoogleMaps.framework in Frameworks */,
				FCE77AE21A132EDB00E9763D /* MapKit.framework in Frameworks */,
			);
			runOnlyForDeploymentPostprocessing = 0;
		};
		FCE77ABF1A132DF000E9763D /* Frameworks */ = {
			isa = PBXFrameworksBuildPhase;
			buildActionMask = 2147483647;
			files = (
			);
			runOnlyForDeploymentPostprocessing = 0;
		};
/* End PBXFrameworksBuildPhase section */

/* Begin PBXGroup section */
		FCE77AA01A132DF000E9763D = {
			isa = PBXGroup;
			children = (
				FCE77B491A18769500E9763D /* SystemConfiguration.framework */,
				FCE77B471A18768D00E9763D /* QuartzCore.framework */,
				FCE77B451A18768300E9763D /* OpenGLES.framework */,
				FCE77B431A18767C00E9763D /* libz.dylib */,
				FCE77B411A18767100E9763D /* libicucore.dylib */,
				FCE77B3F1A18765C00E9763D /* libc++.dylib */,
				FCE77B3D1A18764800E9763D /* ImageIO.framework */,
				FCE77B3B1A18764100E9763D /* GLKit.framework */,
				FCE77B391A18763800E9763D /* CoreText.framework */,
				FCE77B371A18762800E9763D /* CoreData.framework */,
				FCE77B351A18762000E9763D /* AVFoundation.framework */,
				FCE77B311A1875DC00E9763D /* GoogleMaps.framework */,
				FCE77AE11A132EDB00E9763D /* MapKit.framework */,
				FCE77ADF1A132E9300E9763D /* CoreLocation.framework */,
				FCE77AAB1A132DF000E9763D /* Bike Party */,
				FCE77AC51A132DF000E9763D /* Bike PartyTests */,
				FCE77AAA1A132DF000E9763D /* Products */,
			);
			sourceTree = "<group>";
		};
		FCE77AAA1A132DF000E9763D /* Products */ = {
			isa = PBXGroup;
			children = (
				FCE77AA91A132DF000E9763D /* Bike Party.app */,
				FCE77AC21A132DF000E9763D /* Bike PartyTests.xctest */,
			);
			name = Products;
			sourceTree = "<group>";
		};
		FCE77AAB1A132DF000E9763D /* Bike Party */ = {
			isa = PBXGroup;
			children = (
				FCE77B041A1448B400E9763D /* Google Directions */,
				FCE77AFA1A14131A00E9763D /* Google Places Search */,
				FCE77AF01A13FD9400E9763D /* MFLocationManager.h */,
				FCE77AF11A13FD9400E9763D /* MFLocationManager.m */,
				FCE77AB01A132DF000E9763D /* AppDelegate.h */,
				FCE77AB11A132DF000E9763D /* AppDelegate.m */,
				FCE77AB31A132DF000E9763D /* ViewController.h */,
				FCE77AB41A132DF000E9763D /* ViewController.m */,
				FCE77AB61A132DF000E9763D /* Main.storyboard */,
				FCE77AB91A132DF000E9763D /* Images.xcassets */,
				FCE77ABB1A132DF000E9763D /* LaunchScreen.xib */,
				FCE77AAC1A132DF000E9763D /* Supporting Files */,
				FCE77AFE1A1421B800E9763D /* DestinationAnnotation.h */,
				FCE77AFF1A1421B800E9763D /* DestinationAnnotation.m */,
				FCE77B011A14318A00E9763D /* AddDestinationViewController.h */,
				FCE77B021A14318A00E9763D /* AddDestinationViewController.m */,
				FCE77B1D1A16AC5400E9763D /* RouteLeg.h */,
				FCE77B1E1A16AC5400E9763D /* RouteLeg.m */,
				FCE77B201A17419400E9763D /* TouchyFeelyMapView.h */,
				FCE77B211A17419400E9763D /* TouchyFeelyMapView.m */,
				FCE77B231A1755CC00E9763D /* DestinationPin.h */,
				FCE77B241A1755CC00E9763D /* DestinationPin.m */,
				FCE77B291A17D91000E9763D /* EditRouteMapViewController.h */,
				FCE77B2A1A17D91000E9763D /* EditRouteMapViewController.m */,
				FCE77B2C1A18407100E9763D /* TouchGestureRecognizer.h */,
				FCE77B2D1A18407100E9763D /* TouchGestureRecognizer.m */,
				FCE77B4B1A18773E00E9763D /* GoogleMapsTestMap.h */,
				FCE77B4C1A18773E00E9763D /* GoogleMapsTestMap.m */,
				FCF57A901A1E81AE0083F71A /* CreateRouteViewController.h */,
				FCF57A911A1E81AE0083F71A /* CreateRouteViewController.m */,
				FCF57A931A1E88040083F71A /* Waypoint.h */,
				FCF57A941A1E88040083F71A /* Waypoint.m */,
			);
			path = "Bike Party";
			sourceTree = "<group>";
		};
		FCE77AAC1A132DF000E9763D /* Supporting Files */ = {
			isa = PBXGroup;
			children = (
				FCE77B331A18760400E9763D /* GoogleMaps.bundle */,
				FCE77AAD1A132DF000E9763D /* Info.plist */,
				FCE77AAE1A132DF000E9763D /* main.m */,
			);
			name = "Supporting Files";
			sourceTree = "<group>";
		};
		FCE77AC51A132DF000E9763D /* Bike PartyTests */ = {
			isa = PBXGroup;
			children = (
				FCE77AC81A132DF000E9763D /* Bike_PartyTests.m */,
				FCE77AC61A132DF000E9763D /* Supporting Files */,
			);
			path = "Bike PartyTests";
			sourceTree = "<group>";
		};
		FCE77AC61A132DF000E9763D /* Supporting Files */ = {
			isa = PBXGroup;
			children = (
				FCE77AC71A132DF000E9763D /* Info.plist */,
			);
			name = "Supporting Files";
			sourceTree = "<group>";
		};
		FCE77AFA1A14131A00E9763D /* Google Places Search */ = {
			isa = PBXGroup;
			children = (
				FCE77AF31A13FE8C00E9763D /* GooglePlacesSearch.h */,
				FCE77AF41A13FE8C00E9763D /* GooglePlacesSearch.m */,
				FCE77AFB1A14141300E9763D /* GooglePlace.h */,
				FCE77AFC1A14141300E9763D /* GooglePlace.m */,
			);
			name = "Google Places Search";
			sourceTree = "<group>";
		};
		FCE77B041A1448B400E9763D /* Google Directions */ = {
			isa = PBXGroup;
			children = (
				FCE77B051A1448D000E9763D /* GoogleDirectionsRequest.h */,
				FCE77B061A1448D000E9763D /* GoogleDirectionsRequest.m */,
				FCE77B081A14509800E9763D /* GoogleDirectionsRoute.h */,
				FCE77B091A14509800E9763D /* GoogleDirectionsRoute.m */,
				FCE77B0B1A14614000E9763D /* GoogleDirectionsLeg.h */,
				FCE77B0C1A14614000E9763D /* GoogleDirectionsLeg.m */,
				FCE77B0E1A14685500E9763D /* GoogleDirectionsStep.h */,
				FCE77B0F1A14685500E9763D /* GoogleDirectionsStep.m */,
				FCE77B171A1468CF00E9763D /* CLLocation+GoogleDirections.h */,
				FCE77B181A1468CF00E9763D /* CLLocation+GoogleDirections.m */,
				FCE77B1A1A14727A00E9763D /* MKPolyline+GoogleDirections.h */,
				FCE77B1B1A14727A00E9763D /* MKPolyline+GoogleDirections.m */,
			);
			name = "Google Directions";
			sourceTree = "<group>";
		};
/* End PBXGroup section */

/* Begin PBXNativeTarget section */
		FCE77AA81A132DF000E9763D /* Bike Party */ = {
			isa = PBXNativeTarget;
			buildConfigurationList = FCE77ACC1A132DF000E9763D /* Build configuration list for PBXNativeTarget "Bike Party" */;
			buildPhases = (
				FCE77AA51A132DF000E9763D /* Sources */,
				FCE77AA61A132DF000E9763D /* Frameworks */,
				FCE77AA71A132DF000E9763D /* Resources */,
			);
			buildRules = (
			);
			dependencies = (
			);
			name = "Bike Party";
			productName = "Bike Party";
			productReference = FCE77AA91A132DF000E9763D /* Bike Party.app */;
			productType = "com.apple.product-type.application";
		};
		FCE77AC11A132DF000E9763D /* Bike PartyTests */ = {
			isa = PBXNativeTarget;
			buildConfigurationList = FCE77ACF1A132DF000E9763D /* Build configuration list for PBXNativeTarget "Bike PartyTests" */;
			buildPhases = (
				FCE77ABE1A132DF000E9763D /* Sources */,
				FCE77ABF1A132DF000E9763D /* Frameworks */,
				FCE77AC01A132DF000E9763D /* Resources */,
			);
			buildRules = (
			);
			dependencies = (
				FCE77AC41A132DF000E9763D /* PBXTargetDependency */,
			);
			name = "Bike PartyTests";
			productName = "Bike PartyTests";
			productReference = FCE77AC21A132DF000E9763D /* Bike PartyTests.xctest */;
			productType = "com.apple.product-type.bundle.unit-test";
		};
/* End PBXNativeTarget section */

/* Begin PBXProject section */
		FCE77AA11A132DF000E9763D /* Project object */ = {
			isa = PBXProject;
			attributes = {
				LastUpgradeCheck = 0610;
				ORGANIZATIONNAME = Modeo;
				TargetAttributes = {
					FCE77AA81A132DF000E9763D = {
						CreatedOnToolsVersion = 6.1;
						SystemCapabilities = {
							com.apple.BackgroundModes = {
								enabled = 0;
							};
						};
					};
					FCE77AC11A132DF000E9763D = {
						CreatedOnToolsVersion = 6.1;
						TestTargetID = FCE77AA81A132DF000E9763D;
					};
				};
			};
			buildConfigurationList = FCE77AA41A132DF000E9763D /* Build configuration list for PBXProject "Bike Party" */;
			compatibilityVersion = "Xcode 3.2";
			developmentRegion = English;
			hasScannedForEncodings = 0;
			knownRegions = (
				en,
				Base,
			);
			mainGroup = FCE77AA01A132DF000E9763D;
			productRefGroup = FCE77AAA1A132DF000E9763D /* Products */;
			projectDirPath = "";
			projectRoot = "";
			targets = (
				FCE77AA81A132DF000E9763D /* Bike Party */,
				FCE77AC11A132DF000E9763D /* Bike PartyTests */,
			);
		};
/* End PBXProject section */

/* Begin PBXResourcesBuildPhase section */
		FCE77AA71A132DF000E9763D /* Resources */ = {
			isa = PBXResourcesBuildPhase;
			buildActionMask = 2147483647;
			files = (
				FCE77AB81A132DF000E9763D /* Main.storyboard in Resources */,
				FCE77ABD1A132DF000E9763D /* LaunchScreen.xib in Resources */,
				FCE77ABA1A132DF000E9763D /* Images.xcassets in Resources */,
				FCE77B341A18760400E9763D /* GoogleMaps.bundle in Resources */,
			);
			runOnlyForDeploymentPostprocessing = 0;
		};
		FCE77AC01A132DF000E9763D /* Resources */ = {
			isa = PBXResourcesBuildPhase;
			buildActionMask = 2147483647;
			files = (
			);
			runOnlyForDeploymentPostprocessing = 0;
		};
/* End PBXResourcesBuildPhase section */

/* Begin PBXSourcesBuildPhase section */
		FCE77AA51A132DF000E9763D /* Sources */ = {
			isa = PBXSourcesBuildPhase;
			buildActionMask = 2147483647;
			files = (
				FCE77AB51A132DF000E9763D /* ViewController.m in Sources */,
				FCE77B2E1A18407100E9763D /* TouchGestureRecognizer.m in Sources */,
				FCE77AF21A13FD9400E9763D /* MFLocationManager.m in Sources */,
				FCE77B251A1755CC00E9763D /* DestinationPin.m in Sources */,
				FCE77B2B1A17D91000E9763D /* EditRouteMapViewController.m in Sources */,
				FCE77B101A14685500E9763D /* GoogleDirectionsStep.m in Sources */,
				FCF57A951A1E88040083F71A /* Waypoint.m in Sources */,
				FCE77B1F1A16AC5400E9763D /* RouteLeg.m in Sources */,
				FCE77AFD1A14141300E9763D /* GooglePlace.m in Sources */,
				FCE77B031A14318A00E9763D /* AddDestinationViewController.m in Sources */,
				FCE77AB21A132DF000E9763D /* AppDelegate.m in Sources */,
				FCE77B191A1468CF00E9763D /* CLLocation+GoogleDirections.m in Sources */,
				FCE77B001A1421B800E9763D /* DestinationAnnotation.m in Sources */,
				FCE77B221A17419400E9763D /* TouchyFeelyMapView.m in Sources */,
				FCE77B0D1A14614000E9763D /* GoogleDirectionsLeg.m in Sources */,
				FCE77AF51A13FE8C00E9763D /* GooglePlacesSearch.m in Sources */,
				FCE77B1C1A14727A00E9763D /* MKPolyline+GoogleDirections.m in Sources */,
				FCF57A921A1E81AE0083F71A /* CreateRouteViewController.m in Sources */,
				FCE77B071A1448D000E9763D /* GoogleDirectionsRequest.m in Sources */,
				FCE77B0A1A14509800E9763D /* GoogleDirectionsRoute.m in Sources */,
				FCE77B4D1A18773E00E9763D /* GoogleMapsTestMap.m in Sources */,
				FCE77AAF1A132DF000E9763D /* main.m in Sources */,
			);
			runOnlyForDeploymentPostprocessing = 0;
		};
		FCE77ABE1A132DF000E9763D /* Sources */ = {
			isa = PBXSourcesBuildPhase;
			buildActionMask = 2147483647;
			files = (
				FCE77AC91A132DF000E9763D /* Bike_PartyTests.m in Sources */,
			);
			runOnlyForDeploymentPostprocessing = 0;
		};
/* End PBXSourcesBuildPhase section */

/* Begin PBXTargetDependency section */
		FCE77AC41A132DF000E9763D /* PBXTargetDependency */ = {
			isa = PBXTargetDependency;
			target = FCE77AA81A132DF000E9763D /* Bike Party */;
			targetProxy = FCE77AC31A132DF000E9763D /* PBXContainerItemProxy */;
		};
/* End PBXTargetDependency section */

/* Begin PBXVariantGroup section */
		FCE77AB61A132DF000E9763D /* Main.storyboard */ = {
			isa = PBXVariantGroup;
			children = (
				FCE77AB71A132DF000E9763D /* Base */,
			);
			name = Main.storyboard;
			sourceTree = "<group>";
		};
		FCE77ABB1A132DF000E9763D /* LaunchScreen.xib */ = {
			isa = PBXVariantGroup;
			children = (
				FCE77ABC1A132DF000E9763D /* Base */,
			);
			name = LaunchScreen.xib;
			sourceTree = "<group>";
		};
/* End PBXVariantGroup section */

/* Begin XCBuildConfiguration section */
		FCE77ACA1A132DF000E9763D /* Debug */ = {
			isa = XCBuildConfiguration;
			buildSettings = {
				ALWAYS_SEARCH_USER_PATHS = NO;
				CLANG_CXX_LANGUAGE_STANDARD = "gnu++0x";
				CLANG_CXX_LIBRARY = "libc++";
				CLANG_ENABLE_MODULES = YES;
				CLANG_ENABLE_OBJC_ARC = YES;
				CLANG_WARN_BOOL_CONVERSION = YES;
				CLANG_WARN_CONSTANT_CONVERSION = YES;
				CLANG_WARN_DIRECT_OBJC_ISA_USAGE = YES_ERROR;
				CLANG_WARN_EMPTY_BODY = YES;
				CLANG_WARN_ENUM_CONVERSION = YES;
				CLANG_WARN_INT_CONVERSION = YES;
				CLANG_WARN_OBJC_ROOT_CLASS = YES_ERROR;
				CLANG_WARN_UNREACHABLE_CODE = YES;
				CLANG_WARN__DUPLICATE_METHOD_MATCH = YES;
				"CODE_SIGN_IDENTITY[sdk=iphoneos*]" = "iPhone Developer";
				COPY_PHASE_STRIP = NO;
				ENABLE_STRICT_OBJC_MSGSEND = YES;
				GCC_C_LANGUAGE_STANDARD = gnu99;
				GCC_DYNAMIC_NO_PIC = NO;
				GCC_OPTIMIZATION_LEVEL = 0;
				GCC_PREPROCESSOR_DEFINITIONS = (
					"DEBUG=1",
					"$(inherited)",
				);
				GCC_SYMBOLS_PRIVATE_EXTERN = NO;
				GCC_WARN_64_TO_32_BIT_CONVERSION = YES;
				GCC_WARN_ABOUT_RETURN_TYPE = YES_ERROR;
				GCC_WARN_UNDECLARED_SELECTOR = YES;
				GCC_WARN_UNINITIALIZED_AUTOS = YES_AGGRESSIVE;
				GCC_WARN_UNUSED_FUNCTION = YES;
				GCC_WARN_UNUSED_VARIABLE = YES;
				IPHONEOS_DEPLOYMENT_TARGET = 8.1;
				MTL_ENABLE_DEBUG_INFO = YES;
				ONLY_ACTIVE_ARCH = YES;
				OTHER_LDFLAGS = "-ObjC";
				SDKROOT = iphoneos;
			};
			name = Debug;
		};
		FCE77ACB1A132DF000E9763D /* Release */ = {
			isa = XCBuildConfiguration;
			buildSettings = {
				ALWAYS_SEARCH_USER_PATHS = NO;
				CLANG_CXX_LANGUAGE_STANDARD = "gnu++0x";
				CLANG_CXX_LIBRARY = "libc++";
				CLANG_ENABLE_MODULES = YES;
				CLANG_ENABLE_OBJC_ARC = YES;
				CLANG_WARN_BOOL_CONVERSION = YES;
				CLANG_WARN_CONSTANT_CONVERSION = YES;
				CLANG_WARN_DIRECT_OBJC_ISA_USAGE = YES_ERROR;
				CLANG_WARN_EMPTY_BODY = YES;
				CLANG_WARN_ENUM_CONVERSION = YES;
				CLANG_WARN_INT_CONVERSION = YES;
				CLANG_WARN_OBJC_ROOT_CLASS = YES_ERROR;
				CLANG_WARN_UNREACHABLE_CODE = YES;
				CLANG_WARN__DUPLICATE_METHOD_MATCH = YES;
				"CODE_SIGN_IDENTITY[sdk=iphoneos*]" = "iPhone Developer";
				COPY_PHASE_STRIP = YES;
				ENABLE_NS_ASSERTIONS = NO;
				ENABLE_STRICT_OBJC_MSGSEND = YES;
				GCC_C_LANGUAGE_STANDARD = gnu99;
				GCC_WARN_64_TO_32_BIT_CONVERSION = YES;
				GCC_WARN_ABOUT_RETURN_TYPE = YES_ERROR;
				GCC_WARN_UNDECLARED_SELECTOR = YES;
				GCC_WARN_UNINITIALIZED_AUTOS = YES_AGGRESSIVE;
				GCC_WARN_UNUSED_FUNCTION = YES;
				GCC_WARN_UNUSED_VARIABLE = YES;
				IPHONEOS_DEPLOYMENT_TARGET = 8.1;
				MTL_ENABLE_DEBUG_INFO = NO;
				OTHER_LDFLAGS = "-ObjC";
				SDKROOT = iphoneos;
				VALIDATE_PRODUCT = YES;
			};
			name = Release;
		};
		FCE77ACD1A132DF000E9763D /* Debug */ = {
			isa = XCBuildConfiguration;
			buildSettings = {
				ASSETCATALOG_COMPILER_APPICON_NAME = AppIcon;
				FRAMEWORK_SEARCH_PATHS = (
					"$(inherited)",
					"$(PROJECT_DIR)/Bike",
					Party,
					"$(PROJECT_DIR)",
				);
				INFOPLIST_FILE = "Bike Party/Info.plist";
				LD_RUNPATH_SEARCH_PATHS = "$(inherited) @executable_path/Frameworks";
				PRODUCT_NAME = "$(TARGET_NAME)";
			};
			name = Debug;
		};
		FCE77ACE1A132DF000E9763D /* Release */ = {
			isa = XCBuildConfiguration;
			buildSettings = {
				ASSETCATALOG_COMPILER_APPICON_NAME = AppIcon;
				FRAMEWORK_SEARCH_PATHS = (
					"$(inherited)",
					"$(PROJECT_DIR)/Bike",
					Party,
					"$(PROJECT_DIR)",
				);
				INFOPLIST_FILE = "Bike Party/Info.plist";
				LD_RUNPATH_SEARCH_PATHS = "$(inherited) @executable_path/Frameworks";
				PRODUCT_NAME = "$(TARGET_NAME)";
			};
			name = Release;
		};
		FCE77AD01A132DF000E9763D /* Debug */ = {
			isa = XCBuildConfiguration;
			buildSettings = {
				BUNDLE_LOADER = "$(TEST_HOST)";
				FRAMEWORK_SEARCH_PATHS = (
					"$(SDKROOT)/Developer/Library/Frameworks",
					"$(inherited)",
				);
				GCC_PREPROCESSOR_DEFINITIONS = (
					"DEBUG=1",
					"$(inherited)",
				);
				INFOPLIST_FILE = "Bike PartyTests/Info.plist";
				LD_RUNPATH_SEARCH_PATHS = "$(inherited) @executable_path/Frameworks @loader_path/Frameworks";
				PRODUCT_NAME = "$(TARGET_NAME)";
				TEST_HOST = "$(BUILT_PRODUCTS_DIR)/Bike Party.app/Bike Party";
			};
			name = Debug;
		};
		FCE77AD11A132DF000E9763D /* Release */ = {
			isa = XCBuildConfiguration;
			buildSettings = {
				BUNDLE_LOADER = "$(TEST_HOST)";
				FRAMEWORK_SEARCH_PATHS = (
					"$(SDKROOT)/Developer/Library/Frameworks",
					"$(inherited)",
				);
				INFOPLIST_FILE = "Bike PartyTests/Info.plist";
				LD_RUNPATH_SEARCH_PATHS = "$(inherited) @executable_path/Frameworks @loader_path/Frameworks";
				PRODUCT_NAME = "$(TARGET_NAME)";
				TEST_HOST = "$(BUILT_PRODUCTS_DIR)/Bike Party.app/Bike Party";
			};
			name = Release;
		};
/* End XCBuildConfiguration section */

/* Begin XCConfigurationList section */
		FCE77AA41A132DF000E9763D /* Build configuration list for PBXProject "Bike Party" */ = {
			isa = XCConfigurationList;
			buildConfigurations = (
				FCE77ACA1A132DF000E9763D /* Debug */,
				FCE77ACB1A132DF000E9763D /* Release */,
			);
			defaultConfigurationIsVisible = 0;
			defaultConfigurationName = Release;
		};
		FCE77ACC1A132DF000E9763D /* Build configuration list for PBXNativeTarget "Bike Party" */ = {
			isa = XCConfigurationList;
			buildConfigurations = (
				FCE77ACD1A132DF000E9763D /* Debug */,
				FCE77ACE1A132DF000E9763D /* Release */,
			);
			defaultConfigurationIsVisible = 0;
			defaultConfigurationName = Release;
		};
		FCE77ACF1A132DF000E9763D /* Build configuration list for PBXNativeTarget "Bike PartyTests" */ = {
			isa = XCConfigurationList;
			buildConfigurations = (
				FCE77AD01A132DF000E9763D /* Debug */,
				FCE77AD11A132DF000E9763D /* Release */,
			);
			defaultConfigurationIsVisible = 0;
			defaultConfigurationName = Release;
		};
/* End XCConfigurationList section */
	};
	rootObject = FCE77AA11A132DF000E9763D /* Project object */;
}
